
Microsoft Visual Studio Solution File, Format Version 12.00
# Visual Studio Version 17
VisualStudioVersion = 17.11.35303.130
MinimumVisualStudioVersion = 10.0.40219.1
Project("{8BC9CEB8-8B4A-11D0-8D11-00A0C91BC942}") = "Aula 1 - Consolidação", "Aula 1\Aula1.vcxproj", "{C68F8E6D-9D0E-430B-818D-3CCC8A71934D}"
EndProject
Project("{8BC9CEB8-8B4A-11D0-8D11-00A0C91BC942}") = "AnaliseFicheiros", "Revisoes\AnalisarFicheiros\Files.vcxproj", "{15ACAB6E-9EC3-4C6A-891F-DE6291474D1E}"
EndProject
Project("{2150E333-8FDC-42A3-9474-1A3956D46DE8}") = "Revisões", "Revisões", "{87EBC1C4-3B8D-4DCE-9308-B7505789337C}"
EndProject
Project("{2150E333-8FDC-42A3-9474-1A3956D46DE8}") = "Ficheiros", "Ficheiros", "{B8A7A953-0FD2-4667-8D34-B365DD069183}"
EndProject
Project("{8BC9CEB8-8B4A-11D0-8D11-00A0C91BC942}") = "Ficheiros Texto", "Revisoes\Ficheiros\Ficheiros\Ficheiros.vcxproj", "{966AE173-EBDB-41D2-B903-9CA48E7DB40D}"
EndProject
Project("{8BC9CEB8-8B4A-11D0-8D11-00A0C91BC942}") = "Ficheiros Texto II", "Revisoes\Ficheiros\Ficheiros II\Ficheiros II.vcxproj", "{6772DF2F-4C28-432F-9952-57A5994EB0A9}"
EndProject
Project("{8BC9CEB8-8B4A-11D0-8D11-00A0C91BC942}") = "Ficheiros Binarios", "Revisoes\Ficheiros\Ficheiros III\Ficheiros III.vcxproj", "{9CCB5481-5227-4EE7-94EF-4687C63771BB}"
EndProject
Project("{8BC9CEB8-8B4A-11D0-8D11-00A0C91BC942}") = "Reutilizacao de Codigo - Ficheiros", "Revisoes\Reutilizacao de Codigo\Reutilizacao de Codigo.vcxproj", "{FE50182A-6DF6-4C48-ABAA-E8C207908AA7}"
EndProject
Project("{8BC9CEB8-8B4A-11D0-8D11-00A0C91BC942}") = "CalcLib", "Revisoes\CalcLib\CalcLib.vcxproj", "{A8E6A99E-66D0-4FE7-92C7-827B6372F2A7}"
EndProject
Project("{8BC9CEB8-8B4A-11D0-8D11-00A0C91BC942}") = "Calculadora - UsaLib", "Revisoes\Calculadora\Calculadora.vcxproj", "{CC18E95D-75D7-42E9-8FB9-A82586C8DCDD}"
EndProject
Project("{8BC9CEB8-8B4A-11D0-8D11-00A0C91BC942}") = "Funcoes", "Revisoes\Revisoes\Funcoes.vcxproj", "{39887302-A369-4C19-9BF6-779130B07611}"
EndProject
Project("{8BC9CEB8-8B4A-11D0-8D11-00A0C91BC942}") = "Strings", "Revisoes\Manipular Strings\Manipular Strings\Strings.vcxproj", "{59A9AA67-CCB2-420B-B531-C5F594679E31}"
EndProject
Project("{8BC9CEB8-8B4A-11D0-8D11-00A0C91BC942}") = "Recursividade", "Revisoes\Recursividade\Recursividade.vcxproj", "{A55F93C2-4006-4A60-BAF0-AD3688C50E35}"
EndProject
Project("{8BC9CEB8-8B4A-11D0-8D11-00A0C91BC942}") = "Structs e Arrays Multidimensionais", "Revisoes\Structs e Arrays Multidimensionais\Structs e Arrays Multidimensionais\Structs e Arrays Multidimensionais.vcxproj", "{54F6915F-F750-4025-AF79-63C10144AE37}"
EndProject
Project("{8BC9CEB8-8B4A-11D0-8D11-00A0C91BC942}") = "Structs Date and Time", "Revisoes\Structs e Datas\Structs e Datas.vcxproj", "{D872AD7C-DB3E-4707-986D-846898A5484D}"
EndProject
Project("{8BC9CEB8-8B4A-11D0-8D11-00A0C91BC942}") = "Variadic Functions", "Revisoes\Variadic Functions\Variadic Functions.vcxproj", "{318C2CF4-1BAA-4428-869A-A1713DD9B567}"
EndProject
Project("{8BC9CEB8-8B4A-11D0-8D11-00A0C91BC942}") = "FuncsoesDll", "Revisoes\FuncsoesDll\FuncsoesDll.vcxproj", "{276F2BB9-5E29-436F-87E0-2B667280487C}"
EndProject
Project("{8BC9CEB8-8B4A-11D0-8D11-00A0C91BC942}") = "CalcDLL", "Revisoes\CalcDLL\CalcDLL.vcxproj", "{4351B221-CEF6-4F1F-B1F7-ED57AEE998F1}"
EndProject
Project("{8BC9CEB8-8B4A-11D0-8D11-00A0C91BC942}") = "UsaDLL", "Revisoes\UsaDLL\UsaDLL.vcxproj", "{E30593A2-8797-4695-A0B2-FFD592018A42}"
EndProject
Project("{8BC9CEB8-8B4A-11D0-8D11-00A0C91BC942}") = "Aula 2 - Apontadores I", "Aula 2 - Apontadores I\Aula 2 - Apontadores I.vcxproj", "{63A293FF-83FC-4981-8554-52EEF5C4D837}"
EndProject
Project("{8BC9CEB8-8B4A-11D0-8D11-00A0C91BC942}") = "Aula 2 - Apontadores II", "Aula 2 - Apontadores II\Aula 2 - Apontadores II.vcxproj", "{CF156713-F9E3-4626-AB21-2CE7113B489E}"
EndProject
Project("{8BC9CEB8-8B4A-11D0-8D11-00A0C91BC942}") = "Aula 3 - Arrays e Apontadores", "Aula 3 - Arrays e Apontadores\Aula 3 - Arrays e Apontadores.vcxproj", "{20BC7844-7BDA-4C17-AC02-CB1463369BD0}"
EndProject
Project("{8BC9CEB8-8B4A-11D0-8D11-00A0C91BC942}") = "Aula 4 - Funcoes e Apontadores", "Aula 4 - Funcoes e Apontadores\Aula 4 - Funcoes e Apontadores.vcxproj", "{1461A0A9-B81F-412A-B961-6069E6E56855}"
EndProject
Project("{8BC9CEB8-8B4A-11D0-8D11-00A0C91BC942}") = "Aula 2 - Apontadores III", "Aula 2 - Apontadores III\Aula 2 - Apontadores III.vcxproj", "{AC98E2AF-734B-4CC4-BFE7-5B70093981CC}"
EndProject
Project("{8BC9CEB8-8B4A-11D0-8D11-00A0C91BC942}") = "Aula 5 - Apontadores - Consolidação", "Aula 5 - Apontadores - Consolidação\Aula 5 - Apontadores - Consolidação.vcxproj", "{2A762A4B-576B-4AB8-862E-52E366551483}"
EndProject
Global
	GlobalSection(SolutionConfigurationPlatforms) = preSolution
		Debug|Any CPU = Debug|Any CPU
		Debug|x64 = Debug|x64
		Debug|x86 = Debug|x86
		Release|Any CPU = Release|Any CPU
		Release|x64 = Release|x64
		Release|x86 = Release|x86
	EndGlobalSection
	GlobalSection(ProjectConfigurationPlatforms) = postSolution
		{C68F8E6D-9D0E-430B-818D-3CCC8A71934D}.Debug|Any CPU.ActiveCfg = Debug|Win32
		{C68F8E6D-9D0E-430B-818D-3CCC8A71934D}.Debug|x64.ActiveCfg = Debug|x64
		{C68F8E6D-9D0E-430B-818D-3CCC8A71934D}.Debug|x64.Build.0 = Debug|x64
		{C68F8E6D-9D0E-430B-818D-3CCC8A71934D}.Debug|x86.ActiveCfg = Debug|Win32
		{C68F8E6D-9D0E-430B-818D-3CCC8A71934D}.Debug|x86.Build.0 = Debug|Win32
		{C68F8E6D-9D0E-430B-818D-3CCC8A71934D}.Release|Any CPU.ActiveCfg = Release|Win32
		{C68F8E6D-9D0E-430B-818D-3CCC8A71934D}.Release|x64.ActiveCfg = Release|x64
		{C68F8E6D-9D0E-430B-818D-3CCC8A71934D}.Release|x64.Build.0 = Release|x64
		{C68F8E6D-9D0E-430B-818D-3CCC8A71934D}.Release|x86.ActiveCfg = Release|Win32
		{C68F8E6D-9D0E-430B-818D-3CCC8A71934D}.Release|x86.Build.0 = Release|Win32
		{15ACAB6E-9EC3-4C6A-891F-DE6291474D1E}.Debug|Any CPU.ActiveCfg = Debug|Win32
		{15ACAB6E-9EC3-4C6A-891F-DE6291474D1E}.Debug|x64.ActiveCfg = Debug|x64
		{15ACAB6E-9EC3-4C6A-891F-DE6291474D1E}.Debug|x64.Build.0 = Debug|x64
		{15ACAB6E-9EC3-4C6A-891F-DE6291474D1E}.Debug|x86.ActiveCfg = Debug|Win32
		{15ACAB6E-9EC3-4C6A-891F-DE6291474D1E}.Debug|x86.Build.0 = Debug|Win32
		{15ACAB6E-9EC3-4C6A-891F-DE6291474D1E}.Release|Any CPU.ActiveCfg = Release|Win32
		{15ACAB6E-9EC3-4C6A-891F-DE6291474D1E}.Release|x64.ActiveCfg = Release|x64
		{15ACAB6E-9EC3-4C6A-891F-DE6291474D1E}.Release|x64.Build.0 = Release|x64
		{15ACAB6E-9EC3-4C6A-891F-DE6291474D1E}.Release|x86.ActiveCfg = Release|Win32
		{15ACAB6E-9EC3-4C6A-891F-DE6291474D1E}.Release|x86.Build.0 = Release|Win32
		{966AE173-EBDB-41D2-B903-9CA48E7DB40D}.Debug|Any CPU.ActiveCfg = Debug|Win32
		{966AE173-EBDB-41D2-B903-9CA48E7DB40D}.Debug|x64.ActiveCfg = Debug|x64
		{966AE173-EBDB-41D2-B903-9CA48E7DB40D}.Debug|x64.Build.0 = Debug|x64
		{966AE173-EBDB-41D2-B903-9CA48E7DB40D}.Debug|x86.ActiveCfg = Debug|Win32
		{966AE173-EBDB-41D2-B903-9CA48E7DB40D}.Debug|x86.Build.0 = Debug|Win32
		{966AE173-EBDB-41D2-B903-9CA48E7DB40D}.Release|Any CPU.ActiveCfg = Release|Win32
		{966AE173-EBDB-41D2-B903-9CA48E7DB40D}.Release|x64.ActiveCfg = Release|x64
		{966AE173-EBDB-41D2-B903-9CA48E7DB40D}.Release|x64.Build.0 = Release|x64
		{966AE173-EBDB-41D2-B903-9CA48E7DB40D}.Release|x86.ActiveCfg = Release|Win32
		{966AE173-EBDB-41D2-B903-9CA48E7DB40D}.Release|x86.Build.0 = Release|Win32
		{6772DF2F-4C28-432F-9952-57A5994EB0A9}.Debug|Any CPU.ActiveCfg = Debug|Win32
		{6772DF2F-4C28-432F-9952-57A5994EB0A9}.Debug|x64.ActiveCfg = Debug|x64
		{6772DF2F-4C28-432F-9952-57A5994EB0A9}.Debug|x64.Build.0 = Debug|x64
		{6772DF2F-4C28-432F-9952-57A5994EB0A9}.Debug|x86.ActiveCfg = Debug|Win32
		{6772DF2F-4C28-432F-9952-57A5994EB0A9}.Debug|x86.Build.0 = Debug|Win32
		{6772DF2F-4C28-432F-9952-57A5994EB0A9}.Release|Any CPU.ActiveCfg = Release|Win32
		{6772DF2F-4C28-432F-9952-57A5994EB0A9}.Release|x64.ActiveCfg = Release|x64
		{6772DF2F-4C28-432F-9952-57A5994EB0A9}.Release|x64.Build.0 = Release|x64
		{6772DF2F-4C28-432F-9952-57A5994EB0A9}.Release|x86.ActiveCfg = Release|Win32
		{6772DF2F-4C28-432F-9952-57A5994EB0A9}.Release|x86.Build.0 = Release|Win32
		{9CCB5481-5227-4EE7-94EF-4687C63771BB}.Debug|Any CPU.ActiveCfg = Debug|Win32
		{9CCB5481-5227-4EE7-94EF-4687C63771BB}.Debug|x64.ActiveCfg = Debug|x64
		{9CCB5481-5227-4EE7-94EF-4687C63771BB}.Debug|x64.Build.0 = Debug|x64
		{9CCB5481-5227-4EE7-94EF-4687C63771BB}.Debug|x86.ActiveCfg = Debug|Win32
		{9CCB5481-5227-4EE7-94EF-4687C63771BB}.Debug|x86.Build.0 = Debug|Win32
		{9CCB5481-5227-4EE7-94EF-4687C63771BB}.Release|Any CPU.ActiveCfg = Release|Win32
		{9CCB5481-5227-4EE7-94EF-4687C63771BB}.Release|x64.ActiveCfg = Release|x64
		{9CCB5481-5227-4EE7-94EF-4687C63771BB}.Release|x64.Build.0 = Release|x64
		{9CCB5481-5227-4EE7-94EF-4687C63771BB}.Release|x86.ActiveCfg = Release|Win32
		{9CCB5481-5227-4EE7-94EF-4687C63771BB}.Release|x86.Build.0 = Release|Win32
		{FE50182A-6DF6-4C48-ABAA-E8C207908AA7}.Debug|Any CPU.ActiveCfg = Debug|Win32
		{FE50182A-6DF6-4C48-ABAA-E8C207908AA7}.Debug|x64.ActiveCfg = Debug|x64
		{FE50182A-6DF6-4C48-ABAA-E8C207908AA7}.Debug|x64.Build.0 = Debug|x64
		{FE50182A-6DF6-4C48-ABAA-E8C207908AA7}.Debug|x86.ActiveCfg = Debug|Win32
		{FE50182A-6DF6-4C48-ABAA-E8C207908AA7}.Debug|x86.Build.0 = Debug|Win32
		{FE50182A-6DF6-4C48-ABAA-E8C207908AA7}.Release|Any CPU.ActiveCfg = Release|Win32
		{FE50182A-6DF6-4C48-ABAA-E8C207908AA7}.Release|x64.ActiveCfg = Release|x64
		{FE50182A-6DF6-4C48-ABAA-E8C207908AA7}.Release|x64.Build.0 = Release|x64
		{FE50182A-6DF6-4C48-ABAA-E8C207908AA7}.Release|x86.ActiveCfg = Release|Win32
		{FE50182A-6DF6-4C48-ABAA-E8C207908AA7}.Release|x86.Build.0 = Release|Win32
		{A8E6A99E-66D0-4FE7-92C7-827B6372F2A7}.Debug|Any CPU.ActiveCfg = Debug|Win32
		{A8E6A99E-66D0-4FE7-92C7-827B6372F2A7}.Debug|x64.ActiveCfg = Debug|x64
		{A8E6A99E-66D0-4FE7-92C7-827B6372F2A7}.Debug|x64.Build.0 = Debug|x64
		{A8E6A99E-66D0-4FE7-92C7-827B6372F2A7}.Debug|x86.ActiveCfg = Debug|Win32
		{A8E6A99E-66D0-4FE7-92C7-827B6372F2A7}.Debug|x86.Build.0 = Debug|Win32
		{A8E6A99E-66D0-4FE7-92C7-827B6372F2A7}.Release|Any CPU.ActiveCfg = Release|Win32
		{A8E6A99E-66D0-4FE7-92C7-827B6372F2A7}.Release|x64.ActiveCfg = Release|x64
		{A8E6A99E-66D0-4FE7-92C7-827B6372F2A7}.Release|x64.Build.0 = Release|x64
		{A8E6A99E-66D0-4FE7-92C7-827B6372F2A7}.Release|x86.ActiveCfg = Release|Win32
		{A8E6A99E-66D0-4FE7-92C7-827B6372F2A7}.Release|x86.Build.0 = Release|Win32
		{CC18E95D-75D7-42E9-8FB9-A82586C8DCDD}.Debug|Any CPU.ActiveCfg = Debug|Win32
		{CC18E95D-75D7-42E9-8FB9-A82586C8DCDD}.Debug|x64.ActiveCfg = Debug|x64
		{CC18E95D-75D7-42E9-8FB9-A82586C8DCDD}.Debug|x64.Build.0 = Debug|x64
		{CC18E95D-75D7-42E9-8FB9-A82586C8DCDD}.Debug|x86.ActiveCfg = Debug|Win32
		{CC18E95D-75D7-42E9-8FB9-A82586C8DCDD}.Debug|x86.Build.0 = Debug|Win32
		{CC18E95D-75D7-42E9-8FB9-A82586C8DCDD}.Release|Any CPU.ActiveCfg = Release|Win32
		{CC18E95D-75D7-42E9-8FB9-A82586C8DCDD}.Release|x64.ActiveCfg = Release|x64
		{CC18E95D-75D7-42E9-8FB9-A82586C8DCDD}.Release|x64.Build.0 = Release|x64
		{CC18E95D-75D7-42E9-8FB9-A82586C8DCDD}.Release|x86.ActiveCfg = Release|Win32
		{CC18E95D-75D7-42E9-8FB9-A82586C8DCDD}.Release|x86.Build.0 = Release|Win32
		{39887302-A369-4C19-9BF6-779130B07611}.Debug|Any CPU.ActiveCfg = Debug|Win32
		{39887302-A369-4C19-9BF6-779130B07611}.Debug|x64.ActiveCfg = Debug|x64
		{39887302-A369-4C19-9BF6-779130B07611}.Debug|x64.Build.0 = Debug|x64
		{39887302-A369-4C19-9BF6-779130B07611}.Debug|x86.ActiveCfg = Debug|Win32
		{39887302-A369-4C19-9BF6-779130B07611}.Debug|x86.Build.0 = Debug|Win32
		{39887302-A369-4C19-9BF6-779130B07611}.Release|Any CPU.ActiveCfg = Release|Win32
		{39887302-A369-4C19-9BF6-779130B07611}.Release|x64.ActiveCfg = Release|x64
		{39887302-A369-4C19-9BF6-779130B07611}.Release|x64.Build.0 = Release|x64
		{39887302-A369-4C19-9BF6-779130B07611}.Release|x86.ActiveCfg = Release|Win32
		{39887302-A369-4C19-9BF6-779130B07611}.Release|x86.Build.0 = Release|Win32
		{59A9AA67-CCB2-420B-B531-C5F594679E31}.Debug|Any CPU.ActiveCfg = Debug|Win32
		{59A9AA67-CCB2-420B-B531-C5F594679E31}.Debug|x64.ActiveCfg = Debug|Win32
		{59A9AA67-CCB2-420B-B531-C5F594679E31}.Debug|x86.ActiveCfg = Debug|Win32
		{59A9AA67-CCB2-420B-B531-C5F594679E31}.Debug|x86.Build.0 = Debug|Win32
		{59A9AA67-CCB2-420B-B531-C5F594679E31}.Release|Any CPU.ActiveCfg = Release|Win32
		{59A9AA67-CCB2-420B-B531-C5F594679E31}.Release|x64.ActiveCfg = Release|Win32
		{59A9AA67-CCB2-420B-B531-C5F594679E31}.Release|x86.ActiveCfg = Release|Win32
		{59A9AA67-CCB2-420B-B531-C5F594679E31}.Release|x86.Build.0 = Release|Win32
		{A55F93C2-4006-4A60-BAF0-AD3688C50E35}.Debug|Any CPU.ActiveCfg = Debug|Win32
		{A55F93C2-4006-4A60-BAF0-AD3688C50E35}.Debug|x64.ActiveCfg = Debug|x64
		{A55F93C2-4006-4A60-BAF0-AD3688C50E35}.Debug|x64.Build.0 = Debug|x64
		{A55F93C2-4006-4A60-BAF0-AD3688C50E35}.Debug|x86.ActiveCfg = Debug|Win32
		{A55F93C2-4006-4A60-BAF0-AD3688C50E35}.Debug|x86.Build.0 = Debug|Win32
		{A55F93C2-4006-4A60-BAF0-AD3688C50E35}.Release|Any CPU.ActiveCfg = Release|Win32
		{A55F93C2-4006-4A60-BAF0-AD3688C50E35}.Release|x64.ActiveCfg = Release|x64
		{A55F93C2-4006-4A60-BAF0-AD3688C50E35}.Release|x64.Build.0 = Release|x64
		{A55F93C2-4006-4A60-BAF0-AD3688C50E35}.Release|x86.ActiveCfg = Release|Win32
		{A55F93C2-4006-4A60-BAF0-AD3688C50E35}.Release|x86.Build.0 = Release|Win32
		{54F6915F-F750-4025-AF79-63C10144AE37}.Debug|Any CPU.ActiveCfg = Debug|Win32
		{54F6915F-F750-4025-AF79-63C10144AE37}.Debug|x64.ActiveCfg = Debug|x64
		{54F6915F-F750-4025-AF79-63C10144AE37}.Debug|x64.Build.0 = Debug|x64
		{54F6915F-F750-4025-AF79-63C10144AE37}.Debug|x86.ActiveCfg = Debug|Win32
		{54F6915F-F750-4025-AF79-63C10144AE37}.Debug|x86.Build.0 = Debug|Win32
		{54F6915F-F750-4025-AF79-63C10144AE37}.Release|Any CPU.ActiveCfg = Release|Win32
		{54F6915F-F750-4025-AF79-63C10144AE37}.Release|x64.ActiveCfg = Release|x64
		{54F6915F-F750-4025-AF79-63C10144AE37}.Release|x64.Build.0 = Release|x64
		{54F6915F-F750-4025-AF79-63C10144AE37}.Release|x86.ActiveCfg = Release|Win32
		{54F6915F-F750-4025-AF79-63C10144AE37}.Release|x86.Build.0 = Release|Win32
		{D872AD7C-DB3E-4707-986D-846898A5484D}.Debug|Any CPU.ActiveCfg = Debug|Win32
		{D872AD7C-DB3E-4707-986D-846898A5484D}.Debug|x64.ActiveCfg = Debug|x64
		{D872AD7C-DB3E-4707-986D-846898A5484D}.Debug|x64.Build.0 = Debug|x64
		{D872AD7C-DB3E-4707-986D-846898A5484D}.Debug|x86.ActiveCfg = Debug|Win32
		{D872AD7C-DB3E-4707-986D-846898A5484D}.Debug|x86.Build.0 = Debug|Win32
		{D872AD7C-DB3E-4707-986D-846898A5484D}.Release|Any CPU.ActiveCfg = Release|Win32
		{D872AD7C-DB3E-4707-986D-846898A5484D}.Release|x64.ActiveCfg = Release|x64
		{D872AD7C-DB3E-4707-986D-846898A5484D}.Release|x64.Build.0 = Release|x64
		{D872AD7C-DB3E-4707-986D-846898A5484D}.Release|x86.ActiveCfg = Release|Win32
		{D872AD7C-DB3E-4707-986D-846898A5484D}.Release|x86.Build.0 = Release|Win32
		{318C2CF4-1BAA-4428-869A-A1713DD9B567}.Debug|Any CPU.ActiveCfg = Debug|x64
		{318C2CF4-1BAA-4428-869A-A1713DD9B567}.Debug|Any CPU.Build.0 = Debug|x64
		{318C2CF4-1BAA-4428-869A-A1713DD9B567}.Debug|x64.ActiveCfg = Debug|x64
		{318C2CF4-1BAA-4428-869A-A1713DD9B567}.Debug|x64.Build.0 = Debug|x64
		{318C2CF4-1BAA-4428-869A-A1713DD9B567}.Debug|x86.ActiveCfg = Debug|Win32
		{318C2CF4-1BAA-4428-869A-A1713DD9B567}.Debug|x86.Build.0 = Debug|Win32
		{318C2CF4-1BAA-4428-869A-A1713DD9B567}.Release|Any CPU.ActiveCfg = Release|x64
		{318C2CF4-1BAA-4428-869A-A1713DD9B567}.Release|Any CPU.Build.0 = Release|x64
		{318C2CF4-1BAA-4428-869A-A1713DD9B567}.Release|x64.ActiveCfg = Release|x64
		{318C2CF4-1BAA-4428-869A-A1713DD9B567}.Release|x64.Build.0 = Release|x64
		{318C2CF4-1BAA-4428-869A-A1713DD9B567}.Release|x86.ActiveCfg = Release|Win32
		{318C2CF4-1BAA-4428-869A-A1713DD9B567}.Release|x86.Build.0 = Release|Win32
		{276F2BB9-5E29-436F-87E0-2B667280487C}.Debug|Any CPU.ActiveCfg = Debug|x64
		{276F2BB9-5E29-436F-87E0-2B667280487C}.Debug|Any CPU.Build.0 = Debug|x64
		{276F2BB9-5E29-436F-87E0-2B667280487C}.Debug|x64.ActiveCfg = Debug|x64
		{276F2BB9-5E29-436F-87E0-2B667280487C}.Debug|x64.Build.0 = Debug|x64
		{276F2BB9-5E29-436F-87E0-2B667280487C}.Debug|x86.ActiveCfg = Debug|Win32
		{276F2BB9-5E29-436F-87E0-2B667280487C}.Debug|x86.Build.0 = Debug|Win32
		{276F2BB9-5E29-436F-87E0-2B667280487C}.Release|Any CPU.ActiveCfg = Release|x64
		{276F2BB9-5E29-436F-87E0-2B667280487C}.Release|Any CPU.Build.0 = Release|x64
		{276F2BB9-5E29-436F-87E0-2B667280487C}.Release|x64.ActiveCfg = Release|x64
		{276F2BB9-5E29-436F-87E0-2B667280487C}.Release|x64.Build.0 = Release|x64
		{276F2BB9-5E29-436F-87E0-2B667280487C}.Release|x86.ActiveCfg = Release|Win32
		{276F2BB9-5E29-436F-87E0-2B667280487C}.Release|x86.Build.0 = Release|Win32
		{4351B221-CEF6-4F1F-B1F7-ED57AEE998F1}.Debug|Any CPU.ActiveCfg = Debug|x64
		{4351B221-CEF6-4F1F-B1F7-ED57AEE998F1}.Debug|Any CPU.Build.0 = Debug|x64
		{4351B221-CEF6-4F1F-B1F7-ED57AEE998F1}.Debug|x64.ActiveCfg = Debug|x64
		{4351B221-CEF6-4F1F-B1F7-ED57AEE998F1}.Debug|x64.Build.0 = Debug|x64
		{4351B221-CEF6-4F1F-B1F7-ED57AEE998F1}.Debug|x86.ActiveCfg = Debug|Win32
		{4351B221-CEF6-4F1F-B1F7-ED57AEE998F1}.Debug|x86.Build.0 = Debug|Win32
		{4351B221-CEF6-4F1F-B1F7-ED57AEE998F1}.Release|Any CPU.ActiveCfg = Release|x64
		{4351B221-CEF6-4F1F-B1F7-ED57AEE998F1}.Release|Any CPU.Build.0 = Release|x64
		{4351B221-CEF6-4F1F-B1F7-ED57AEE998F1}.Release|x64.ActiveCfg = Release|x64
		{4351B221-CEF6-4F1F-B1F7-ED57AEE998F1}.Release|x64.Build.0 = Release|x64
		{4351B221-CEF6-4F1F-B1F7-ED57AEE998F1}.Release|x86.ActiveCfg = Release|Win32
		{4351B221-CEF6-4F1F-B1F7-ED57AEE998F1}.Release|x86.Build.0 = Release|Win32
		{E30593A2-8797-4695-A0B2-FFD592018A42}.Debug|Any CPU.ActiveCfg = Debug|x64
		{E30593A2-8797-4695-A0B2-FFD592018A42}.Debug|Any CPU.Build.0 = Debug|x64
		{E30593A2-8797-4695-A0B2-FFD592018A42}.Debug|x64.ActiveCfg = Debug|x64
		{E30593A2-8797-4695-A0B2-FFD592018A42}.Debug|x64.Build.0 = Debug|x64
		{E30593A2-8797-4695-A0B2-FFD592018A42}.Debug|x86.ActiveCfg = Debug|Win32
		{E30593A2-8797-4695-A0B2-FFD592018A42}.Debug|x86.Build.0 = Debug|Win32
		{E30593A2-8797-4695-A0B2-FFD592018A42}.Release|Any CPU.ActiveCfg = Release|x64
		{E30593A2-8797-4695-A0B2-FFD592018A42}.Release|Any CPU.Build.0 = Release|x64
		{E30593A2-8797-4695-A0B2-FFD592018A42}.Release|x64.ActiveCfg = Release|x64
		{E30593A2-8797-4695-A0B2-FFD592018A42}.Release|x64.Build.0 = Release|x64
		{E30593A2-8797-4695-A0B2-FFD592018A42}.Release|x86.ActiveCfg = Release|Win32
		{E30593A2-8797-4695-A0B2-FFD592018A42}.Release|x86.Build.0 = Release|Win32
		{63A293FF-83FC-4981-8554-52EEF5C4D837}.Debug|Any CPU.ActiveCfg = Debug|x64
		{63A293FF-83FC-4981-8554-52EEF5C4D837}.Debug|Any CPU.Build.0 = Debug|x64
		{63A293FF-83FC-4981-8554-52EEF5C4D837}.Debug|x64.ActiveCfg = Debug|x64
		{63A293FF-83FC-4981-8554-52EEF5C4D837}.Debug|x64.Build.0 = Debug|x64
		{63A293FF-83FC-4981-8554-52EEF5C4D837}.Debug|x86.ActiveCfg = Debug|Win32
		{63A293FF-83FC-4981-8554-52EEF5C4D837}.Debug|x86.Build.0 = Debug|Win32
		{63A293FF-83FC-4981-8554-52EEF5C4D837}.Release|Any CPU.ActiveCfg = Release|x64
		{63A293FF-83FC-4981-8554-52EEF5C4D837}.Release|Any CPU.Build.0 = Release|x64
		{63A293FF-83FC-4981-8554-52EEF5C4D837}.Release|x64.ActiveCfg = Release|x64
		{63A293FF-83FC-4981-8554-52EEF5C4D837}.Release|x64.Build.0 = Release|x64
		{63A293FF-83FC-4981-8554-52EEF5C4D837}.Release|x86.ActiveCfg = Release|Win32
		{63A293FF-83FC-4981-8554-52EEF5C4D837}.Release|x86.Build.0 = Release|Win32
		{CF156713-F9E3-4626-AB21-2CE7113B489E}.Debug|Any CPU.ActiveCfg = Debug|x64
		{CF156713-F9E3-4626-AB21-2CE7113B489E}.Debug|Any CPU.Build.0 = Debug|x64
		{CF156713-F9E3-4626-AB21-2CE7113B489E}.Debug|x64.ActiveCfg = Debug|x64
		{CF156713-F9E3-4626-AB21-2CE7113B489E}.Debug|x64.Build.0 = Debug|x64
		{CF156713-F9E3-4626-AB21-2CE7113B489E}.Debug|x86.ActiveCfg = Debug|Win32
		{CF156713-F9E3-4626-AB21-2CE7113B489E}.Debug|x86.Build.0 = Debug|Win32
		{CF156713-F9E3-4626-AB21-2CE7113B489E}.Release|Any CPU.ActiveCfg = Release|x64
		{CF156713-F9E3-4626-AB21-2CE7113B489E}.Release|Any CPU.Build.0 = Release|x64
		{CF156713-F9E3-4626-AB21-2CE7113B489E}.Release|x64.ActiveCfg = Release|x64
		{CF156713-F9E3-4626-AB21-2CE7113B489E}.Release|x64.Build.0 = Release|x64
		{CF156713-F9E3-4626-AB21-2CE7113B489E}.Release|x86.ActiveCfg = Release|Win32
		{CF156713-F9E3-4626-AB21-2CE7113B489E}.Release|x86.Build.0 = Release|Win32
		{20BC7844-7BDA-4C17-AC02-CB1463369BD0}.Debug|Any CPU.ActiveCfg = Debug|x64
		{20BC7844-7BDA-4C17-AC02-CB1463369BD0}.Debug|Any CPU.Build.0 = Debug|x64
		{20BC7844-7BDA-4C17-AC02-CB1463369BD0}.Debug|x64.ActiveCfg = Debug|x64
		{20BC7844-7BDA-4C17-AC02-CB1463369BD0}.Debug|x64.Build.0 = Debug|x64
		{20BC7844-7BDA-4C17-AC02-CB1463369BD0}.Debug|x86.ActiveCfg = Debug|Win32
		{20BC7844-7BDA-4C17-AC02-CB1463369BD0}.Debug|x86.Build.0 = Debug|Win32
		{20BC7844-7BDA-4C17-AC02-CB1463369BD0}.Release|Any CPU.ActiveCfg = Release|x64
		{20BC7844-7BDA-4C17-AC02-CB1463369BD0}.Release|Any CPU.Build.0 = Release|x64
		{20BC7844-7BDA-4C17-AC02-CB1463369BD0}.Release|x64.ActiveCfg = Release|x64
		{20BC7844-7BDA-4C17-AC02-CB1463369BD0}.Release|x64.Build.0 = Release|x64
		{20BC7844-7BDA-4C17-AC02-CB1463369BD0}.Release|x86.ActiveCfg = Release|Win32
		{20BC7844-7BDA-4C17-AC02-CB1463369BD0}.Release|x86.Build.0 = Release|Win32
		{1461A0A9-B81F-412A-B961-6069E6E56855}.Debug|Any CPU.ActiveCfg = Debug|x64
		{1461A0A9-B81F-412A-B961-6069E6E56855}.Debug|Any CPU.Build.0 = Debug|x64
		{1461A0A9-B81F-412A-B961-6069E6E56855}.Debug|x64.ActiveCfg = Debug|x64
		{1461A0A9-B81F-412A-B961-6069E6E56855}.Debug|x64.Build.0 = Debug|x64
		{1461A0A9-B81F-412A-B961-6069E6E56855}.Debug|x86.ActiveCfg = Debug|Win32
		{1461A0A9-B81F-412A-B961-6069E6E56855}.Debug|x86.Build.0 = Debug|Win32
		{1461A0A9-B81F-412A-B961-6069E6E56855}.Release|Any CPU.ActiveCfg = Release|x64
		{1461A0A9-B81F-412A-B961-6069E6E56855}.Release|Any CPU.Build.0 = Release|x64
		{1461A0A9-B81F-412A-B961-6069E6E56855}.Release|x64.ActiveCfg = Release|x64
		{1461A0A9-B81F-412A-B961-6069E6E56855}.Release|x64.Build.0 = Release|x64
		{1461A0A9-B81F-412A-B961-6069E6E56855}.Release|x86.ActiveCfg = Release|Win32
		{1461A0A9-B81F-412A-B961-6069E6E56855}.Release|x86.Build.0 = Release|Win32
		{AC98E2AF-734B-4CC4-BFE7-5B70093981CC}.Debug|Any CPU.ActiveCfg = Debug|x64
		{AC98E2AF-734B-4CC4-BFE7-5B70093981CC}.Debug|Any CPU.Build.0 = Debug|x64
		{AC98E2AF-734B-4CC4-BFE7-5B70093981CC}.Debug|x64.ActiveCfg = Debug|x64
		{AC98E2AF-734B-4CC4-BFE7-5B70093981CC}.Debug|x64.Build.0 = Debug|x64
		{AC98E2AF-734B-4CC4-BFE7-5B70093981CC}.Debug|x86.ActiveCfg = Debug|Win32
		{AC98E2AF-734B-4CC4-BFE7-5B70093981CC}.Debug|x86.Build.0 = Debug|Win32
		{AC98E2AF-734B-4CC4-BFE7-5B70093981CC}.Release|Any CPU.ActiveCfg = Release|x64
		{AC98E2AF-734B-4CC4-BFE7-5B70093981CC}.Release|Any CPU.Build.0 = Release|x64
		{AC98E2AF-734B-4CC4-BFE7-5B70093981CC}.Release|x64.ActiveCfg = Release|x64
		{AC98E2AF-734B-4CC4-BFE7-5B70093981CC}.Release|x64.Build.0 = Release|x64
		{AC98E2AF-734B-4CC4-BFE7-5B70093981CC}.Release|x86.ActiveCfg = Release|Win32
		{AC98E2AF-734B-4CC4-BFE7-5B70093981CC}.Release|x86.Build.0 = Release|Win32
		{2A762A4B-576B-4AB8-862E-52E366551483}.Debug|Any CPU.ActiveCfg = Debug|x64
		{2A762A4B-576B-4AB8-862E-52E366551483}.Debug|Any CPU.Build.0 = Debug|x64
		{2A762A4B-576B-4AB8-862E-52E366551483}.Debug|x64.ActiveCfg = Debug|x64
		{2A762A4B-576B-4AB8-862E-52E366551483}.Debug|x64.Build.0 = Debug|x64
		{2A762A4B-576B-4AB8-862E-52E366551483}.Debug|x86.ActiveCfg = Debug|Win32
		{2A762A4B-576B-4AB8-862E-52E366551483}.Debug|x86.Build.0 = Debug|Win32
		{2A762A4B-576B-4AB8-862E-52E366551483}.Release|Any CPU.ActiveCfg = Release|x64
		{2A762A4B-576B-4AB8-862E-52E366551483}.Release|Any CPU.Build.0 = Release|x64
		{2A762A4B-576B-4AB8-862E-52E366551483}.Release|x64.ActiveCfg = Release|x64
		{2A762A4B-576B-4AB8-862E-52E366551483}.Release|x64.Build.0 = Release|x64
		{2A762A4B-576B-4AB8-862E-52E366551483}.Release|x86.ActiveCfg = Release|Win32
		{2A762A4B-576B-4AB8-862E-52E366551483}.Release|x86.Build.0 = Release|Win32
	EndGlobalSection
	GlobalSection(SolutionProperties) = preSolution
		HideSolutionNode = FALSE
	EndGlobalSection
	GlobalSection(NestedProjects) = preSolution
		{15ACAB6E-9EC3-4C6A-891F-DE6291474D1E} = {B8A7A953-0FD2-4667-8D34-B365DD069183}
		{B8A7A953-0FD2-4667-8D34-B365DD069183} = {87EBC1C4-3B8D-4DCE-9308-B7505789337C}
		{966AE173-EBDB-41D2-B903-9CA48E7DB40D} = {B8A7A953-0FD2-4667-8D34-B365DD069183}
		{6772DF2F-4C28-432F-9952-57A5994EB0A9} = {B8A7A953-0FD2-4667-8D34-B365DD069183}
		{9CCB5481-5227-4EE7-94EF-4687C63771BB} = {B8A7A953-0FD2-4667-8D34-B365DD069183}
		{FE50182A-6DF6-4C48-ABAA-E8C207908AA7} = {87EBC1C4-3B8D-4DCE-9308-B7505789337C}
		{A8E6A99E-66D0-4FE7-92C7-827B6372F2A7} = {87EBC1C4-3B8D-4DCE-9308-B7505789337C}
		{CC18E95D-75D7-42E9-8FB9-A82586C8DCDD} = {87EBC1C4-3B8D-4DCE-9308-B7505789337C}
		{39887302-A369-4C19-9BF6-779130B07611} = {87EBC1C4-3B8D-4DCE-9308-B7505789337C}
		{59A9AA67-CCB2-420B-B531-C5F594679E31} = {87EBC1C4-3B8D-4DCE-9308-B7505789337C}
		{A55F93C2-4006-4A60-BAF0-AD3688C50E35} = {87EBC1C4-3B8D-4DCE-9308-B7505789337C}
		{54F6915F-F750-4025-AF79-63C10144AE37} = {87EBC1C4-3B8D-4DCE-9308-B7505789337C}
		{D872AD7C-DB3E-4707-986D-846898A5484D} = {87EBC1C4-3B8D-4DCE-9308-B7505789337C}
		{318C2CF4-1BAA-4428-869A-A1713DD9B567} = {87EBC1C4-3B8D-4DCE-9308-B7505789337C}
		{276F2BB9-5E29-436F-87E0-2B667280487C} = {87EBC1C4-3B8D-4DCE-9308-B7505789337C}
		{4351B221-CEF6-4F1F-B1F7-ED57AEE998F1} = {87EBC1C4-3B8D-4DCE-9308-B7505789337C}
		{E30593A2-8797-4695-A0B2-FFD592018A42} = {87EBC1C4-3B8D-4DCE-9308-B7505789337C}
	EndGlobalSection
	GlobalSection(ExtensibilityGlobals) = postSolution
		SolutionGuid = {25075295-4551-4994-849E-3245F8CABE33}
	EndGlobalSection
EndGlobal
